// !$*UTF8*$!
{
	archiveVersion = 1;
	classes = {
	};
	objectVersion = 46;
	objects = {

/* Begin PBXBuildFile section */
		6D021E731EA564C60004043D /* BookContentController.swift in Sources */ = {isa = PBXBuildFile; fileRef = 6D021E721EA564C60004043D /* BookContentController.swift */; };
		6D021E751EA56BAA0004043D /* BookSectionContent.xib in Resources */ = {isa = PBXBuildFile; fileRef = 6D021E741EA56BAA0004043D /* BookSectionContent.xib */; };
		6D021E771EA570AB0004043D /* SectionContentController.swift in Sources */ = {isa = PBXBuildFile; fileRef = 6D021E761EA570AB0004043D /* SectionContentController.swift */; };
		6D021E791EA573970004043D /* IntroContentController.swift in Sources */ = {isa = PBXBuildFile; fileRef = 6D021E781EA573970004043D /* IntroContentController.swift */; };
		6D021E7B1EA573A80004043D /* IntroSectionContent.xib in Resources */ = {isa = PBXBuildFile; fileRef = 6D021E7A1EA573A80004043D /* IntroSectionContent.xib */; };
		6D021E7D1EA5A16F0004043D /* NSView+BackgroundColor.swift in Sources */ = {isa = PBXBuildFile; fileRef = 6D021E7C1EA5A16F0004043D /* NSView+BackgroundColor.swift */; };
		6D021E801EA5C2380004043D /* NavigationArrow.swift in Sources */ = {isa = PBXBuildFile; fileRef = 6D021E7F1EA5C2380004043D /* NavigationArrow.swift */; };
		6D021E821EA5CA130004043D /* ChaptersContentController.swift in Sources */ = {isa = PBXBuildFile; fileRef = 6D021E811EA5CA130004043D /* ChaptersContentController.swift */; };
		6D021E841EA5CA320004043D /* ChaptersSectionContent.xib in Resources */ = {isa = PBXBuildFile; fileRef = 6D021E831EA5CA320004043D /* ChaptersSectionContent.xib */; };
		6D021E871EA5CCF60004043D /* Chapter.swift in Sources */ = {isa = PBXBuildFile; fileRef = 6D021E861EA5CCF60004043D /* Chapter.swift */; };
		6D2CB75F1E9F1DDE00E41D40 /* ContainerView.swift in Sources */ = {isa = PBXBuildFile; fileRef = 6D2CB75E1E9F1DDE00E41D40 /* ContainerView.swift */; };
		6D6B933D1EA95F6800C83FDB /* PageContentCell.swift in Sources */ = {isa = PBXBuildFile; fileRef = 6D6B933C1EA95F6800C83FDB /* PageContentCell.swift */; };
		6D6B933F1EA9687600C83FDB /* NSObject+Binding.swift in Sources */ = {isa = PBXBuildFile; fileRef = 6D6B933E1EA9687600C83FDB /* NSObject+Binding.swift */; };
		6D87CD6A1E9ED49A004B1D85 /* NSColor+Hexadecimal.swift in Sources */ = {isa = PBXBuildFile; fileRef = 6D87CD691E9ED49A004B1D85 /* NSColor+Hexadecimal.swift */; };
		6D87CD6C1E9ED6A3004B1D85 /* NSColor+AppColors.swift in Sources */ = {isa = PBXBuildFile; fileRef = 6D87CD6B1E9ED6A3004B1D85 /* NSColor+AppColors.swift */; };
		6DC320811EA70B6E002C1F8B /* PagesContentController.swift in Sources */ = {isa = PBXBuildFile; fileRef = 6DC320801EA70B6E002C1F8B /* PagesContentController.swift */; };
		6DC320831EA70B88002C1F8B /* PagesSectionContent.xib in Resources */ = {isa = PBXBuildFile; fileRef = 6DC320821EA70B88002C1F8B /* PagesSectionContent.xib */; };
		6DC320851EA70C17002C1F8B /* SectionContentHeader.xib in Resources */ = {isa = PBXBuildFile; fileRef = 6DC320841EA70C17002C1F8B /* SectionContentHeader.xib */; };
		6DC320871EA70D85002C1F8B /* SectionContentHeader.swift in Sources */ = {isa = PBXBuildFile; fileRef = 6DC320861EA70D85002C1F8B /* SectionContentHeader.swift */; };
		6DCB6E721E9EA65500770C4B /* AppDelegate.swift in Sources */ = {isa = PBXBuildFile; fileRef = 6DCB6E711E9EA65500770C4B /* AppDelegate.swift */; };
		6DCB6E741E9EA65500770C4B /* ViewController.swift in Sources */ = {isa = PBXBuildFile; fileRef = 6DCB6E731E9EA65500770C4B /* ViewController.swift */; };
		6DCB6E761E9EA65500770C4B /* Document.swift in Sources */ = {isa = PBXBuildFile; fileRef = 6DCB6E751E9EA65500770C4B /* Document.swift */; };
		6DCB6E781E9EA65500770C4B /* Assets.xcassets in Resources */ = {isa = PBXBuildFile; fileRef = 6DCB6E771E9EA65500770C4B /* Assets.xcassets */; };
		6DCB6E7B1E9EA65500770C4B /* Main.storyboard in Resources */ = {isa = PBXBuildFile; fileRef = 6DCB6E791E9EA65500770C4B /* Main.storyboard */; };
		6DDD11051E9EC0F3006F92F3 /* SectionView.swift in Sources */ = {isa = PBXBuildFile; fileRef = 6DDD11041E9EC0F3006F92F3 /* SectionView.swift */; };
		6DDD11071E9EC126006F92F3 /* SectionGroupView.swift in Sources */ = {isa = PBXBuildFile; fileRef = 6DDD11061E9EC126006F92F3 /* SectionGroupView.swift */; };
		6DE9A32B1EA7DA7900DB7B54 /* NSButton+TextColor.swift in Sources */ = {isa = PBXBuildFile; fileRef = 6DE9A32A1EA7DA7900DB7B54 /* NSButton+TextColor.swift */; };
		6DE9A32D1EA7DC9100DB7B54 /* NSAttributedString+Colorize.swift in Sources */ = {isa = PBXBuildFile; fileRef = 6DE9A32C1EA7DC9100DB7B54 /* NSAttributedString+Colorize.swift */; };
		6DE9A3311EA7E53A00DB7B54 /* HighlightPopUpButton.swift in Sources */ = {isa = PBXBuildFile; fileRef = 6DE9A3301EA7E53A00DB7B54 /* HighlightPopUpButton.swift */; };
		6DE9A3331EA7EC5500DB7B54 /* LiveViewPreview.swift in Sources */ = {isa = PBXBuildFile; fileRef = 6DE9A3321EA7EC5500DB7B54 /* LiveViewPreview.swift */; };
		6DE9A3351EA7FA7500DB7B54 /* LiveViewPreviewLayer.swift in Sources */ = {isa = PBXBuildFile; fileRef = 6DE9A3341EA7FA7500DB7B54 /* LiveViewPreviewLayer.swift */; };
		6DF2B0B41E9EEDB6003F9230 /* NSView+Constraints.swift in Sources */ = {isa = PBXBuildFile; fileRef = 6DF2B0B31E9EEDB6003F9230 /* NSView+Constraints.swift */; };
		6DF74FC21EA725020074AD11 /* Page.swift in Sources */ = {isa = PBXBuildFile; fileRef = 6DF74FC11EA725020074AD11 /* Page.swift */; };
/* End PBXBuildFile section */

/* Begin PBXFileReference section */
		6D021E721EA564C60004043D /* BookContentController.swift */ = {isa = PBXFileReference; fileEncoding = 4; lastKnownFileType = sourcecode.swift; path = BookContentController.swift; sourceTree = "<group>"; };
		6D021E741EA56BAA0004043D /* BookSectionContent.xib */ = {isa = PBXFileReference; fileEncoding = 4; lastKnownFileType = file.xib; path = BookSectionContent.xib; sourceTree = "<group>"; };
		6D021E761EA570AB0004043D /* SectionContentController.swift */ = {isa = PBXFileReference; fileEncoding = 4; lastKnownFileType = sourcecode.swift; path = SectionContentController.swift; sourceTree = "<group>"; };
		6D021E781EA573970004043D /* IntroContentController.swift */ = {isa = PBXFileReference; fileEncoding = 4; lastKnownFileType = sourcecode.swift; path = IntroContentController.swift; sourceTree = "<group>"; };
		6D021E7A1EA573A80004043D /* IntroSectionContent.xib */ = {isa = PBXFileReference; fileEncoding = 4; lastKnownFileType = file.xib; path = IntroSectionContent.xib; sourceTree = "<group>"; };
		6D021E7C1EA5A16F0004043D /* NSView+BackgroundColor.swift */ = {isa = PBXFileReference; fileEncoding = 4; lastKnownFileType = sourcecode.swift; path = "NSView+BackgroundColor.swift"; sourceTree = "<group>"; };
		6D021E7F1EA5C2380004043D /* NavigationArrow.swift */ = {isa = PBXFileReference; fileEncoding = 4; lastKnownFileType = sourcecode.swift; path = NavigationArrow.swift; sourceTree = "<group>"; };
		6D021E811EA5CA130004043D /* ChaptersContentController.swift */ = {isa = PBXFileReference; fileEncoding = 4; lastKnownFileType = sourcecode.swift; path = ChaptersContentController.swift; sourceTree = "<group>"; };
		6D021E831EA5CA320004043D /* ChaptersSectionContent.xib */ = {isa = PBXFileReference; fileEncoding = 4; lastKnownFileType = file.xib; path = ChaptersSectionContent.xib; sourceTree = "<group>"; };
		6D021E861EA5CCF60004043D /* Chapter.swift */ = {isa = PBXFileReference; fileEncoding = 4; lastKnownFileType = sourcecode.swift; path = Chapter.swift; sourceTree = "<group>"; };
		6D2CB75E1E9F1DDE00E41D40 /* ContainerView.swift */ = {isa = PBXFileReference; fileEncoding = 4; lastKnownFileType = sourcecode.swift; path = ContainerView.swift; sourceTree = "<group>"; };
		6D6B933C1EA95F6800C83FDB /* PageContentCell.swift */ = {isa = PBXFileReference; fileEncoding = 4; lastKnownFileType = sourcecode.swift; path = PageContentCell.swift; sourceTree = "<group>"; };
		6D6B933E1EA9687600C83FDB /* NSObject+Binding.swift */ = {isa = PBXFileReference; fileEncoding = 4; lastKnownFileType = sourcecode.swift; path = "NSObject+Binding.swift"; sourceTree = "<group>"; };
		6D87CD691E9ED49A004B1D85 /* NSColor+Hexadecimal.swift */ = {isa = PBXFileReference; fileEncoding = 4; lastKnownFileType = sourcecode.swift; path = "NSColor+Hexadecimal.swift"; sourceTree = "<group>"; };
		6D87CD6B1E9ED6A3004B1D85 /* NSColor+AppColors.swift */ = {isa = PBXFileReference; fileEncoding = 4; lastKnownFileType = sourcecode.swift; path = "NSColor+AppColors.swift"; sourceTree = "<group>"; };
		6DC320801EA70B6E002C1F8B /* PagesContentController.swift */ = {isa = PBXFileReference; fileEncoding = 4; lastKnownFileType = sourcecode.swift; path = PagesContentController.swift; sourceTree = "<group>"; };
		6DC320821EA70B88002C1F8B /* PagesSectionContent.xib */ = {isa = PBXFileReference; fileEncoding = 4; lastKnownFileType = file.xib; path = PagesSectionContent.xib; sourceTree = "<group>"; };
		6DC320841EA70C17002C1F8B /* SectionContentHeader.xib */ = {isa = PBXFileReference; fileEncoding = 4; lastKnownFileType = file.xib; path = SectionContentHeader.xib; sourceTree = "<group>"; };
		6DC320861EA70D85002C1F8B /* SectionContentHeader.swift */ = {isa = PBXFileReference; fileEncoding = 4; lastKnownFileType = sourcecode.swift; path = SectionContentHeader.swift; sourceTree = "<group>"; };
		6DCB6E6E1E9EA65500770C4B /* Playgrounds Maker.app */ = {isa = PBXFileReference; explicitFileType = wrapper.application; includeInIndex = 0; path = "Playgrounds Maker.app"; sourceTree = BUILT_PRODUCTS_DIR; };
		6DCB6E711E9EA65500770C4B /* AppDelegate.swift */ = {isa = PBXFileReference; lastKnownFileType = sourcecode.swift; path = AppDelegate.swift; sourceTree = "<group>"; };
		6DCB6E731E9EA65500770C4B /* ViewController.swift */ = {isa = PBXFileReference; lastKnownFileType = sourcecode.swift; path = ViewController.swift; sourceTree = "<group>"; };
		6DCB6E751E9EA65500770C4B /* Document.swift */ = {isa = PBXFileReference; lastKnownFileType = sourcecode.swift; path = Document.swift; sourceTree = "<group>"; };
		6DCB6E771E9EA65500770C4B /* Assets.xcassets */ = {isa = PBXFileReference; lastKnownFileType = folder.assetcatalog; path = Assets.xcassets; sourceTree = "<group>"; };
		6DCB6E7A1E9EA65500770C4B /* Base */ = {isa = PBXFileReference; lastKnownFileType = file.storyboard; name = Base; path = Base.lproj/Main.storyboard; sourceTree = "<group>"; };
		6DCB6E7C1E9EA65500770C4B /* Info.plist */ = {isa = PBXFileReference; lastKnownFileType = text.plist.xml; path = Info.plist; sourceTree = "<group>"; };
		6DDD11041E9EC0F3006F92F3 /* SectionView.swift */ = {isa = PBXFileReference; fileEncoding = 4; lastKnownFileType = sourcecode.swift; path = SectionView.swift; sourceTree = "<group>"; };
		6DDD11061E9EC126006F92F3 /* SectionGroupView.swift */ = {isa = PBXFileReference; fileEncoding = 4; lastKnownFileType = sourcecode.swift; path = SectionGroupView.swift; sourceTree = "<group>"; };
		6DE9A32A1EA7DA7900DB7B54 /* NSButton+TextColor.swift */ = {isa = PBXFileReference; fileEncoding = 4; lastKnownFileType = sourcecode.swift; path = "NSButton+TextColor.swift"; sourceTree = "<group>"; };
		6DE9A32C1EA7DC9100DB7B54 /* NSAttributedString+Colorize.swift */ = {isa = PBXFileReference; fileEncoding = 4; lastKnownFileType = sourcecode.swift; path = "NSAttributedString+Colorize.swift"; sourceTree = "<group>"; };
		6DE9A3301EA7E53A00DB7B54 /* HighlightPopUpButton.swift */ = {isa = PBXFileReference; fileEncoding = 4; lastKnownFileType = sourcecode.swift; path = HighlightPopUpButton.swift; sourceTree = "<group>"; };
		6DE9A3321EA7EC5500DB7B54 /* LiveViewPreview.swift */ = {isa = PBXFileReference; fileEncoding = 4; lastKnownFileType = sourcecode.swift; path = LiveViewPreview.swift; sourceTree = "<group>"; };
		6DE9A3341EA7FA7500DB7B54 /* LiveViewPreviewLayer.swift */ = {isa = PBXFileReference; fileEncoding = 4; lastKnownFileType = sourcecode.swift; path = LiveViewPreviewLayer.swift; sourceTree = "<group>"; };
		6DF2B0B31E9EEDB6003F9230 /* NSView+Constraints.swift */ = {isa = PBXFileReference; fileEncoding = 4; lastKnownFileType = sourcecode.swift; path = "NSView+Constraints.swift"; sourceTree = "<group>"; };
		6DF74FC11EA725020074AD11 /* Page.swift */ = {isa = PBXFileReference; fileEncoding = 4; lastKnownFileType = sourcecode.swift; path = Page.swift; sourceTree = "<group>"; };
/* End PBXFileReference section */

/* Begin PBXFrameworksBuildPhase section */
		6DCB6E6B1E9EA65500770C4B /* Frameworks */ = {
			isa = PBXFrameworksBuildPhase;
			buildActionMask = 2147483647;
			files = (
			);
			runOnlyForDeploymentPostprocessing = 0;
		};
/* End PBXFrameworksBuildPhase section */

/* Begin PBXGroup section */
		6D021E6F1EA564430004043D /* Section View Content */ = {
			isa = PBXGroup;
			children = (
				6D021E781EA573970004043D /* IntroContentController.swift */,
				6D021E7A1EA573A80004043D /* IntroSectionContent.xib */,
				6D021E721EA564C60004043D /* BookContentController.swift */,
				6D021E741EA56BAA0004043D /* BookSectionContent.xib */,
				6D021E811EA5CA130004043D /* ChaptersContentController.swift */,
				6D021E831EA5CA320004043D /* ChaptersSectionContent.xib */,
				6DC320801EA70B6E002C1F8B /* PagesContentController.swift */,
				6D6B933C1EA95F6800C83FDB /* PageContentCell.swift */,
				6DC320821EA70B88002C1F8B /* PagesSectionContent.xib */,
				6D021E761EA570AB0004043D /* SectionContentController.swift */,
			);
			name = "Section View Content";
			sourceTree = "<group>";
		};
		6D021E7E1EA5C2290004043D /* Custom views */ = {
			isa = PBXGroup;
			children = (
				6D021E7F1EA5C2380004043D /* NavigationArrow.swift */,
				6DE9A3301EA7E53A00DB7B54 /* HighlightPopUpButton.swift */,
				6DE9A3321EA7EC5500DB7B54 /* LiveViewPreview.swift */,
				6DE9A3341EA7FA7500DB7B54 /* LiveViewPreviewLayer.swift */,
			);
			name = "Custom views";
			sourceTree = "<group>";
		};
		6D021E851EA5CCE70004043D /* Entities */ = {
			isa = PBXGroup;
			children = (
				6D021E861EA5CCF60004043D /* Chapter.swift */,
				6DF74FC11EA725020074AD11 /* Page.swift */,
			);
			name = Entities;
			sourceTree = "<group>";
		};
		6D2CB7641E9F1E8A00E41D40 /* Layout */ = {
			isa = PBXGroup;
			children = (
				6D2CB75E1E9F1DDE00E41D40 /* ContainerView.swift */,
				6DC320841EA70C17002C1F8B /* SectionContentHeader.xib */,
				6DC320861EA70D85002C1F8B /* SectionContentHeader.swift */,
			);
			name = Layout;
			sourceTree = "<group>";
		};
		6D87CD681E9ED45C004B1D85 /* Extensions */ = {
			isa = PBXGroup;
			children = (
				6D87CD6B1E9ED6A3004B1D85 /* NSColor+AppColors.swift */,
				6D87CD691E9ED49A004B1D85 /* NSColor+Hexadecimal.swift */,
				6DF2B0B31E9EEDB6003F9230 /* NSView+Constraints.swift */,
				6D021E7C1EA5A16F0004043D /* NSView+BackgroundColor.swift */,
				6DE9A32A1EA7DA7900DB7B54 /* NSButton+TextColor.swift */,
				6DE9A32C1EA7DC9100DB7B54 /* NSAttributedString+Colorize.swift */,
				6D6B933E1EA9687600C83FDB /* NSObject+Binding.swift */,
			);
			name = Extensions;
			sourceTree = "<group>";
		};
		6DCB6E651E9EA65500770C4B = {
			isa = PBXGroup;
			children = (
				6DCB6E701E9EA65500770C4B /* PlaygroundsMaker */,
				6DCB6E6F1E9EA65500770C4B /* Products */,
			);
			sourceTree = "<group>";
		};
		6DCB6E6F1E9EA65500770C4B /* Products */ = {
			isa = PBXGroup;
			children = (
				6DCB6E6E1E9EA65500770C4B /* Playgrounds Maker.app */,
			);
			name = Products;
			sourceTree = "<group>";
		};
		6DCB6E701E9EA65500770C4B /* PlaygroundsMaker */ = {
			isa = PBXGroup;
			children = (
				6DCB6E711E9EA65500770C4B /* AppDelegate.swift */,
				6DCB6E731E9EA65500770C4B /* ViewController.swift */,
				6DCB6E751E9EA65500770C4B /* Document.swift */,
				6DDD11041E9EC0F3006F92F3 /* SectionView.swift */,
				6DDD11061E9EC126006F92F3 /* SectionGroupView.swift */,
				6D021E851EA5CCE70004043D /* Entities */,
				6D021E6F1EA564430004043D /* Section View Content */,
				6D2CB7641E9F1E8A00E41D40 /* Layout */,
				6D87CD681E9ED45C004B1D85 /* Extensions */,
				6D021E7E1EA5C2290004043D /* Custom views */,
				6DCB6E771E9EA65500770C4B /* Assets.xcassets */,
				6DCB6E791E9EA65500770C4B /* Main.storyboard */,
				6DCB6E7C1E9EA65500770C4B /* Info.plist */,
			);
			path = PlaygroundsMaker;
			sourceTree = "<group>";
		};
/* End PBXGroup section */

/* Begin PBXNativeTarget section */
		6DCB6E6D1E9EA65500770C4B /* PlaygroundsMaker */ = {
			isa = PBXNativeTarget;
			buildConfigurationList = 6DCB6E7F1E9EA65500770C4B /* Build configuration list for PBXNativeTarget "PlaygroundsMaker" */;
			buildPhases = (
				6DCB6E6A1E9EA65500770C4B /* Sources */,
				6DCB6E6B1E9EA65500770C4B /* Frameworks */,
				6DCB6E6C1E9EA65500770C4B /* Resources */,
			);
			buildRules = (
			);
			dependencies = (
			);
			name = PlaygroundsMaker;
			productName = PlaygroundsMaker;
			productReference = 6DCB6E6E1E9EA65500770C4B /* Playgrounds Maker.app */;
			productType = "com.apple.product-type.application";
		};
/* End PBXNativeTarget section */

/* Begin PBXProject section */
		6DCB6E661E9EA65500770C4B /* Project object */ = {
			isa = PBXProject;
			attributes = {
				LastSwiftUpdateCheck = 0830;
				LastUpgradeCheck = 0830;
				ORGANIZATIONNAME = "Adilson Tavares";
				TargetAttributes = {
					6DCB6E6D1E9EA65500770C4B = {
						CreatedOnToolsVersion = 8.3;
						DevelopmentTeam = KGZDXHRM66;
						ProvisioningStyle = Automatic;
					};
				};
			};
			buildConfigurationList = 6DCB6E691E9EA65500770C4B /* Build configuration list for PBXProject "PlaygroundsMaker" */;
			compatibilityVersion = "Xcode 3.2";
			developmentRegion = English;
			hasScannedForEncodings = 0;
			knownRegions = (
				en,
				Base,
			);
			mainGroup = 6DCB6E651E9EA65500770C4B;
			productRefGroup = 6DCB6E6F1E9EA65500770C4B /* Products */;
			projectDirPath = "";
			projectRoot = "";
			targets = (
				6DCB6E6D1E9EA65500770C4B /* PlaygroundsMaker */,
			);
		};
/* End PBXProject section */

/* Begin PBXResourcesBuildPhase section */
		6DCB6E6C1E9EA65500770C4B /* Resources */ = {
			isa = PBXResourcesBuildPhase;
			buildActionMask = 2147483647;
			files = (
				6D021E7B1EA573A80004043D /* IntroSectionContent.xib in Resources */,
				6D021E841EA5CA320004043D /* ChaptersSectionContent.xib in Resources */,
				6DC320831EA70B88002C1F8B /* PagesSectionContent.xib in Resources */,
				6DCB6E781E9EA65500770C4B /* Assets.xcassets in Resources */,
				6DC320851EA70C17002C1F8B /* SectionContentHeader.xib in Resources */,
				6DCB6E7B1E9EA65500770C4B /* Main.storyboard in Resources */,
				6D021E751EA56BAA0004043D /* BookSectionContent.xib in Resources */,
			);
			runOnlyForDeploymentPostprocessing = 0;
		};
/* End PBXResourcesBuildPhase section */

/* Begin PBXSourcesBuildPhase section */
		6DCB6E6A1E9EA65500770C4B /* Sources */ = {
			isa = PBXSourcesBuildPhase;
			buildActionMask = 2147483647;
			files = (
				6D87CD6C1E9ED6A3004B1D85 /* NSColor+AppColors.swift in Sources */,
				6DE9A3331EA7EC5500DB7B54 /* LiveViewPreview.swift in Sources */,
				6D021E7D1EA5A16F0004043D /* NSView+BackgroundColor.swift in Sources */,
				6DE9A32D1EA7DC9100DB7B54 /* NSAttributedString+Colorize.swift in Sources */,
				6DCB6E741E9EA65500770C4B /* ViewController.swift in Sources */,
				6D021E801EA5C2380004043D /* NavigationArrow.swift in Sources */,
				6D021E771EA570AB0004043D /* SectionContentController.swift in Sources */,
				6D6B933F1EA9687600C83FDB /* NSObject+Binding.swift in Sources */,
				6DE9A3351EA7FA7500DB7B54 /* LiveViewPreviewLayer.swift in Sources */,
				6D2CB75F1E9F1DDE00E41D40 /* ContainerView.swift in Sources */,
				6DC320811EA70B6E002C1F8B /* PagesContentController.swift in Sources */,
				6D021E821EA5CA130004043D /* ChaptersContentController.swift in Sources */,
				6D021E731EA564C60004043D /* BookContentController.swift in Sources */,
				6DF2B0B41E9EEDB6003F9230 /* NSView+Constraints.swift in Sources */,
				6D021E791EA573970004043D /* IntroContentController.swift in Sources */,
				6DDD11051E9EC0F3006F92F3 /* SectionView.swift in Sources */,
				6DE9A3311EA7E53A00DB7B54 /* HighlightPopUpButton.swift in Sources */,
				6DF74FC21EA725020074AD11 /* Page.swift in Sources */,
				6D87CD6A1E9ED49A004B1D85 /* NSColor+Hexadecimal.swift in Sources */,
				6DCB6E721E9EA65500770C4B /* AppDelegate.swift in Sources */,
				6DDD11071E9EC126006F92F3 /* SectionGroupView.swift in Sources */,
				6DCB6E761E9EA65500770C4B /* Document.swift in Sources */,
				6DC320871EA70D85002C1F8B /* SectionContentHeader.swift in Sources */,
				6D021E871EA5CCF60004043D /* Chapter.swift in Sources */,
				6DE9A32B1EA7DA7900DB7B54 /* NSButton+TextColor.swift in Sources */,
				6D6B933D1EA95F6800C83FDB /* PageContentCell.swift in Sources */,
			);
			runOnlyForDeploymentPostprocessing = 0;
		};
/* End PBXSourcesBuildPhase section */

/* Begin PBXVariantGroup section */
		6DCB6E791E9EA65500770C4B /* Main.storyboard */ = {
			isa = PBXVariantGroup;
			children = (
				6DCB6E7A1E9EA65500770C4B /* Base */,
			);
			name = Main.storyboard;
			sourceTree = "<group>";
		};
/* End PBXVariantGroup section */

/* Begin XCBuildConfiguration section */
		6DCB6E7D1E9EA65500770C4B /* Debug */ = {
			isa = XCBuildConfiguration;
			buildSettings = {
				ALWAYS_SEARCH_USER_PATHS = NO;
				CLANG_ANALYZER_NONNULL = YES;
				CLANG_ANALYZER_NUMBER_OBJECT_CONVERSION = YES_AGGRESSIVE;
				CLANG_CXX_LANGUAGE_STANDARD = "gnu++0x";
				CLANG_CXX_LIBRARY = "libc++";
				CLANG_ENABLE_MODULES = YES;
				CLANG_ENABLE_OBJC_ARC = YES;
				CLANG_WARN_BOOL_CONVERSION = YES;
				CLANG_WARN_CONSTANT_CONVERSION = YES;
				CLANG_WARN_DIRECT_OBJC_ISA_USAGE = YES_ERROR;
				CLANG_WARN_DOCUMENTATION_COMMENTS = YES;
				CLANG_WARN_EMPTY_BODY = YES;
				CLANG_WARN_ENUM_CONVERSION = YES;
				CLANG_WARN_INFINITE_RECURSION = YES;
				CLANG_WARN_INT_CONVERSION = YES;
				CLANG_WARN_OBJC_ROOT_CLASS = YES_ERROR;
				CLANG_WARN_SUSPICIOUS_MOVE = YES;
				CLANG_WARN_UNREACHABLE_CODE = YES;
				CLANG_WARN__DUPLICATE_METHOD_MATCH = YES;
				CODE_SIGN_IDENTITY = "-";
				COPY_PHASE_STRIP = NO;
				DEBUG_INFORMATION_FORMAT = dwarf;
				ENABLE_STRICT_OBJC_MSGSEND = YES;
				ENABLE_TESTABILITY = YES;
				GCC_C_LANGUAGE_STANDARD = gnu99;
				GCC_DYNAMIC_NO_PIC = NO;
				GCC_NO_COMMON_BLOCKS = YES;
				GCC_OPTIMIZATION_LEVEL = 0;
				GCC_PREPROCESSOR_DEFINITIONS = (
					"DEBUG=1",
					"$(inherited)",
				);
				GCC_WARN_64_TO_32_BIT_CONVERSION = YES;
				GCC_WARN_ABOUT_RETURN_TYPE = YES_ERROR;
				GCC_WARN_UNDECLARED_SELECTOR = YES;
				GCC_WARN_UNINITIALIZED_AUTOS = YES_AGGRESSIVE;
				GCC_WARN_UNUSED_FUNCTION = YES;
				GCC_WARN_UNUSED_VARIABLE = YES;
				MACOSX_DEPLOYMENT_TARGET = 10.12;
				MTL_ENABLE_DEBUG_INFO = YES;
				ONLY_ACTIVE_ARCH = YES;
				SDKROOT = macosx;
				SWIFT_ACTIVE_COMPILATION_CONDITIONS = DEBUG;
				SWIFT_OPTIMIZATION_LEVEL = "-Onone";
			};
			name = Debug;
		};
		6DCB6E7E1E9EA65500770C4B /* Release */ = {
			isa = XCBuildConfiguration;
			buildSettings = {
				ALWAYS_SEARCH_USER_PATHS = NO;
				CLANG_ANALYZER_NONNULL = YES;
				CLANG_ANALYZER_NUMBER_OBJECT_CONVERSION = YES_AGGRESSIVE;
				CLANG_CXX_LANGUAGE_STANDARD = "gnu++0x";
				CLANG_CXX_LIBRARY = "libc++";
				CLANG_ENABLE_MODULES = YES;
				CLANG_ENABLE_OBJC_ARC = YES;
				CLANG_WARN_BOOL_CONVERSION = YES;
				CLANG_WARN_CONSTANT_CONVERSION = YES;
				CLANG_WARN_DIRECT_OBJC_ISA_USAGE = YES_ERROR;
				CLANG_WARN_DOCUMENTATION_COMMENTS = YES;
				CLANG_WARN_EMPTY_BODY = YES;
				CLANG_WARN_ENUM_CONVERSION = YES;
				CLANG_WARN_INFINITE_RECURSION = YES;
				CLANG_WARN_INT_CONVERSION = YES;
				CLANG_WARN_OBJC_ROOT_CLASS = YES_ERROR;
				CLANG_WARN_SUSPICIOUS_MOVE = YES;
				CLANG_WARN_UNREACHABLE_CODE = YES;
				CLANG_WARN__DUPLICATE_METHOD_MATCH = YES;
				CODE_SIGN_IDENTITY = "-";
				COPY_PHASE_STRIP = NO;
				DEBUG_INFORMATION_FORMAT = "dwarf-with-dsym";
				ENABLE_NS_ASSERTIONS = NO;
				ENABLE_STRICT_OBJC_MSGSEND = YES;
				GCC_C_LANGUAGE_STANDARD = gnu99;
				GCC_NO_COMMON_BLOCKS = YES;
				GCC_WARN_64_TO_32_BIT_CONVERSION = YES;
				GCC_WARN_ABOUT_RETURN_TYPE = YES_ERROR;
				GCC_WARN_UNDECLARED_SELECTOR = YES;
				GCC_WARN_UNINITIALIZED_AUTOS = YES_AGGRESSIVE;
				GCC_WARN_UNUSED_FUNCTION = YES;
				GCC_WARN_UNUSED_VARIABLE = YES;
				MACOSX_DEPLOYMENT_TARGET = 10.12;
				MTL_ENABLE_DEBUG_INFO = NO;
				SDKROOT = macosx;
				SWIFT_OPTIMIZATION_LEVEL = "-Owholemodule";
			};
			name = Release;
		};
		6DCB6E801E9EA65500770C4B /* Debug */ = {
			isa = XCBuildConfiguration;
			buildSettings = {
				ASSETCATALOG_COMPILER_APPICON_NAME = AppIcon;
				CODE_SIGN_IDENTITY = "Mac Developer";
				COMBINE_HIDPI_IMAGES = YES;
				DEVELOPMENT_TEAM = KGZDXHRM66;
				INFOPLIST_FILE = PlaygroundsMaker/Info.plist;
				LD_RUNPATH_SEARCH_PATHS = "$(inherited) @executable_path/../Frameworks";
				PRODUCT_BUNDLE_IDENTIFIER = com.adilsontavares.PlaygroundsMaker;
				PRODUCT_NAME = "Playgrounds Maker";
				PROVISIONING_PROFILE_SPECIFIER = "";
				SWIFT_VERSION = 3.0;
			};
			name = Debug;
		};
		6DCB6E811E9EA65500770C4B /* Release */ = {
			isa = XCBuildConfiguration;
			buildSettings = {
				ASSETCATALOG_COMPILER_APPICON_NAME = AppIcon;
				CODE_SIGN_IDENTITY = "Mac Developer";
				COMBINE_HIDPI_IMAGES = YES;
				DEVELOPMENT_TEAM = KGZDXHRM66;
				INFOPLIST_FILE = PlaygroundsMaker/Info.plist;
				LD_RUNPATH_SEARCH_PATHS = "$(inherited) @executable_path/../Frameworks";
				PRODUCT_BUNDLE_IDENTIFIER = com.adilsontavares.PlaygroundsMaker;
				PRODUCT_NAME = "Playgrounds Maker";
				PROVISIONING_PROFILE_SPECIFIER = "";
				SWIFT_VERSION = 3.0;
			};
			name = Release;
		};
/* End XCBuildConfiguration section */

/* Begin XCConfigurationList section */
		6DCB6E691E9EA65500770C4B /* Build configuration list for PBXProject "PlaygroundsMaker" */ = {
			isa = XCConfigurationList;
			buildConfigurations = (
				6DCB6E7D1E9EA65500770C4B /* Debug */,
				6DCB6E7E1E9EA65500770C4B /* Release */,
			);
			defaultConfigurationIsVisible = 0;
			defaultConfigurationName = Release;
		};
		6DCB6E7F1E9EA65500770C4B /* Build configuration list for PBXNativeTarget "PlaygroundsMaker" */ = {
			isa = XCConfigurationList;
			buildConfigurations = (
				6DCB6E801E9EA65500770C4B /* Debug */,
				6DCB6E811E9EA65500770C4B /* Release */,
			);
			defaultConfigurationIsVisible = 0;
			defaultConfigurationName = Release;
		};
/* End XCConfigurationList section */
	};
	rootObject = 6DCB6E661E9EA65500770C4B /* Project object */;
}
